
Microsoft Visual Studio Solution File, Format Version 12.00
# Visual Studio Version 17
VisualStudioVersion = 17.2.32630.192
MinimumVisualStudioVersion = 10.0.40219.1
Project("{FAE04EC0-301F-11D3-BF4B-00C04F79EFBC}") = "Udemy_CSharp", "Udemy-CSharp\Udemy_CSharp.csproj", "{65A9F071-BCE7-4684-979E-0ECF2A77A399}"
EndProject
Global
	GlobalSection(SolutionConfigurationPlatforms) = preSolution
		Debug|Any CPU = Debug|Any CPU
		Release|Any CPU = Release|Any CPU
	EndGlobalSection
	GlobalSection(ProjectConfigurationPlatforms) = postSolution
		{65A9F071-BCE7-4684-979E-0ECF2A77A399}.Debug|Any CPU.ActiveCfg = Debug|Any CPU
		{65A9F071-BCE7-4684-979E-0ECF2A77A399}.Debug|Any CPU.Build.0 = Debug|Any CPU
		{65A9F071-BCE7-4684-979E-0ECF2A77A399}.Release|Any CPU.ActiveCfg = Release|Any CPU
		{65A9F071-BCE7-4684-979E-0ECF2A77A399}.Release|Any CPU.Build.0 = Release|Any CPU
	EndGlobalSection
	GlobalSection(SolutionProperties) = preSolution
		HideSolutionNode = FALSE
	EndGlobalSection
	GlobalSection(ExtensibilityGlobals) = postSolution
		SolutionGuid = {C90D7D97-60DC-45C1-90AD-FF5FFA18BEBB}
	EndGlobalSection
EndGlobal
